// !$*UTF8*$!
{
	archiveVersion = 1;
	classes = {
	};
	objectVersion = 55;
	objects = {

/* Begin PBXBuildFile section */
		C31172E9282C6C560070B074 /* SwiftUIExampleApp.swift in Sources */ = {isa = PBXBuildFile; fileRef = C31172E8282C6C560070B074 /* SwiftUIExampleApp.swift */; };
		C31172EB282C6C560070B074 /* BookDetailView.swift in Sources */ = {isa = PBXBuildFile; fileRef = C31172EA282C6C560070B074 /* BookDetailView.swift */; };
		C31172ED282C6C580070B074 /* Assets.xcassets in Resources */ = {isa = PBXBuildFile; fileRef = C31172EC282C6C580070B074 /* Assets.xcassets */; };
		C31172F0282C6C580070B074 /* Preview Assets.xcassets in Resources */ = {isa = PBXBuildFile; fileRef = C31172EF282C6C580070B074 /* Preview Assets.xcassets */; };
		C31172F7282C74160070B074 /* BookDetailLabel.swift in Sources */ = {isa = PBXBuildFile; fileRef = C31172F6282C74160070B074 /* BookDetailLabel.swift */; };
		C31172F9282C797D0070B074 /* Book.swift in Sources */ = {isa = PBXBuildFile; fileRef = C31172F8282C797D0070B074 /* Book.swift */; };
		C31172FB282C7FC50070B074 /* BookDetailViewModel.swift in Sources */ = {isa = PBXBuildFile; fileRef = C31172FA282C7FC50070B074 /* BookDetailViewModel.swift */; };
		C31172FD282DB77D0070B074 /* BookListView.swift in Sources */ = {isa = PBXBuildFile; fileRef = C31172FC282DB77D0070B074 /* BookListView.swift */; };
		C3117301282DB7F20070B074 /* BookListViewModel.swift in Sources */ = {isa = PBXBuildFile; fileRef = C3117300282DB7F20070B074 /* BookListViewModel.swift */; };
		C3117303282DBA2F0070B074 /* CartView.swift in Sources */ = {isa = PBXBuildFile; fileRef = C3117302282DBA2E0070B074 /* CartView.swift */; };
		C3117306282DC31C0070B074 /* CartViewModel.swift in Sources */ = {isa = PBXBuildFile; fileRef = C3117305282DC31C0070B074 /* CartViewModel.swift */; };
		C3117308282DD10D0070B074 /* CartItemView.swift in Sources */ = {isa = PBXBuildFile; fileRef = C3117307282DD10D0070B074 /* CartItemView.swift */; };
		C32BA483282EC1A9005142F0 /* LazyView.swift in Sources */ = {isa = PBXBuildFile; fileRef = C32BA482282EC1A9005142F0 /* LazyView.swift */; };
		C32BA485282EC5ED005142F0 /* BookRepositoy.swift in Sources */ = {isa = PBXBuildFile; fileRef = C32BA484282EC5ED005142F0 /* BookRepositoy.swift */; };
		C32BA48A282EED72005142F0 /* BookListItemView.swift in Sources */ = {isa = PBXBuildFile; fileRef = C32BA489282EED72005142F0 /* BookListItemView.swift */; };
		C32BA48C282EEE73005142F0 /* BookCoverView.swift in Sources */ = {isa = PBXBuildFile; fileRef = C32BA48B282EEE73005142F0 /* BookCoverView.swift */; };
		C32BA48E282F0263005142F0 /* BookListItemViewModel.swift in Sources */ = {isa = PBXBuildFile; fileRef = C32BA48D282F0263005142F0 /* BookListItemViewModel.swift */; };
		C32BA4912830458C005142F0 /* Cart.swift in Sources */ = {isa = PBXBuildFile; fileRef = C32BA4902830458C005142F0 /* Cart.swift */; };
		C32BA49328304601005142F0 /* Mocks.swift in Sources */ = {isa = PBXBuildFile; fileRef = C32BA49228304601005142F0 /* Mocks.swift */; };
/* End PBXBuildFile section */

/* Begin PBXFileReference section */
		C31172E5282C6C560070B074 /* SwiftUIExample.app */ = {isa = PBXFileReference; explicitFileType = wrapper.application; includeInIndex = 0; path = SwiftUIExample.app; sourceTree = BUILT_PRODUCTS_DIR; };
		C31172E8282C6C560070B074 /* SwiftUIExampleApp.swift */ = {isa = PBXFileReference; lastKnownFileType = sourcecode.swift; path = SwiftUIExampleApp.swift; sourceTree = "<group>"; };
		C31172EA282C6C560070B074 /* BookDetailView.swift */ = {isa = PBXFileReference; lastKnownFileType = sourcecode.swift; path = BookDetailView.swift; sourceTree = "<group>"; };
		C31172EC282C6C580070B074 /* Assets.xcassets */ = {isa = PBXFileReference; lastKnownFileType = folder.assetcatalog; path = Assets.xcassets; sourceTree = "<group>"; };
		C31172EF282C6C580070B074 /* Preview Assets.xcassets */ = {isa = PBXFileReference; lastKnownFileType = folder.assetcatalog; path = "Preview Assets.xcassets"; sourceTree = "<group>"; };
		C31172F6282C74160070B074 /* BookDetailLabel.swift */ = {isa = PBXFileReference; lastKnownFileType = sourcecode.swift; path = BookDetailLabel.swift; sourceTree = "<group>"; };
		C31172F8282C797D0070B074 /* Book.swift */ = {isa = PBXFileReference; lastKnownFileType = sourcecode.swift; path = Book.swift; sourceTree = "<group>"; };
		C31172FA282C7FC50070B074 /* BookDetailViewModel.swift */ = {isa = PBXFileReference; lastKnownFileType = sourcecode.swift; path = BookDetailViewModel.swift; sourceTree = "<group>"; };
		C31172FC282DB77D0070B074 /* BookListView.swift */ = {isa = PBXFileReference; lastKnownFileType = sourcecode.swift; path = BookListView.swift; sourceTree = "<group>"; };
		C3117300282DB7F20070B074 /* BookListViewModel.swift */ = {isa = PBXFileReference; lastKnownFileType = sourcecode.swift; path = BookListViewModel.swift; sourceTree = "<group>"; };
		C3117302282DBA2E0070B074 /* CartView.swift */ = {isa = PBXFileReference; lastKnownFileType = sourcecode.swift; path = CartView.swift; sourceTree = "<group>"; };
		C3117305282DC31C0070B074 /* CartViewModel.swift */ = {isa = PBXFileReference; lastKnownFileType = sourcecode.swift; path = CartViewModel.swift; sourceTree = "<group>"; };
		C3117307282DD10D0070B074 /* CartItemView.swift */ = {isa = PBXFileReference; lastKnownFileType = sourcecode.swift; path = CartItemView.swift; sourceTree = "<group>"; };
		C32BA482282EC1A9005142F0 /* LazyView.swift */ = {isa = PBXFileReference; lastKnownFileType = sourcecode.swift; path = LazyView.swift; sourceTree = "<group>"; };
		C32BA484282EC5ED005142F0 /* BookRepositoy.swift */ = {isa = PBXFileReference; lastKnownFileType = sourcecode.swift; path = BookRepositoy.swift; sourceTree = "<group>"; };
		C32BA489282EED72005142F0 /* BookListItemView.swift */ = {isa = PBXFileReference; lastKnownFileType = sourcecode.swift; path = BookListItemView.swift; sourceTree = "<group>"; };
		C32BA48B282EEE73005142F0 /* BookCoverView.swift */ = {isa = PBXFileReference; lastKnownFileType = sourcecode.swift; path = BookCoverView.swift; sourceTree = "<group>"; };
		C32BA48D282F0263005142F0 /* BookListItemViewModel.swift */ = {isa = PBXFileReference; lastKnownFileType = sourcecode.swift; path = BookListItemViewModel.swift; sourceTree = "<group>"; };
		C32BA4902830458C005142F0 /* Cart.swift */ = {isa = PBXFileReference; lastKnownFileType = sourcecode.swift; path = Cart.swift; sourceTree = "<group>"; };
		C32BA49228304601005142F0 /* Mocks.swift */ = {isa = PBXFileReference; lastKnownFileType = sourcecode.swift; path = Mocks.swift; sourceTree = "<group>"; };
/* End PBXFileReference section */

/* Begin PBXFrameworksBuildPhase section */
		C31172E2282C6C560070B074 /* Frameworks */ = {
			isa = PBXFrameworksBuildPhase;
			buildActionMask = 2147483647;
			files = (
			);
			runOnlyForDeploymentPostprocessing = 0;
		};
/* End PBXFrameworksBuildPhase section */

/* Begin PBXGroup section */
		C31172DC282C6C560070B074 = {
			isa = PBXGroup;
			children = (
				C31172E7282C6C560070B074 /* SwiftUIExample */,
				C31172E6282C6C560070B074 /* Products */,
			);
			sourceTree = "<group>";
		};
		C31172E6282C6C560070B074 /* Products */ = {
			isa = PBXGroup;
			children = (
				C31172E5282C6C560070B074 /* SwiftUIExample.app */,
			);
			name = Products;
			sourceTree = "<group>";
		};
		C31172E7282C6C560070B074 /* SwiftUIExample */ = {
			isa = PBXGroup;
			children = (
				C32BA487282EECC3005142F0 /* Modules */,
				C32BA488282EECD2005142F0 /* Commons */,
				C31172E8282C6C560070B074 /* SwiftUIExampleApp.swift */,
				C31172EC282C6C580070B074 /* Assets.xcassets */,
				C31172EE282C6C580070B074 /* Preview Content */,
			);
			path = SwiftUIExample;
			sourceTree = "<group>";
		};
		C31172EE282C6C580070B074 /* Preview Content */ = {
			isa = PBXGroup;
			children = (
				C31172EF282C6C580070B074 /* Preview Assets.xcassets */,
			);
			path = "Preview Content";
			sourceTree = "<group>";
		};
		C31172FE282DB7870070B074 /* Detail */ = {
			isa = PBXGroup;
			children = (
				C31172EA282C6C560070B074 /* BookDetailView.swift */,
				C31172FA282C7FC50070B074 /* BookDetailViewModel.swift */,
				C31172F6282C74160070B074 /* BookDetailLabel.swift */,
			);
			path = Detail;
			sourceTree = "<group>";
		};
		C31172FF282DB79A0070B074 /* List */ = {
			isa = PBXGroup;
			children = (
				C31172FC282DB77D0070B074 /* BookListView.swift */,
				C3117300282DB7F20070B074 /* BookListViewModel.swift */,
				C32BA489282EED72005142F0 /* BookListItemView.swift */,
				C32BA48D282F0263005142F0 /* BookListItemViewModel.swift */,
			);
			path = List;
			sourceTree = "<group>";
		};
		C3117304282DBA620070B074 /* Cart */ = {
			isa = PBXGroup;
			children = (
				C3117302282DBA2E0070B074 /* CartView.swift */,
				C3117307282DD10D0070B074 /* CartItemView.swift */,
				C3117305282DC31C0070B074 /* CartViewModel.swift */,
			);
			path = Cart;
			sourceTree = "<group>";
		};
		C32BA487282EECC3005142F0 /* Modules */ = {
			isa = PBXGroup;
			children = (
				C31172FF282DB79A0070B074 /* List */,
				C31172FE282DB7870070B074 /* Detail */,
				C3117304282DBA620070B074 /* Cart */,
			);
			path = Modules;
			sourceTree = "<group>";
		};
		C32BA488282EECD2005142F0 /* Commons */ = {
			isa = PBXGroup;
			children = (
				C32BA4902830458C005142F0 /* Cart.swift */,
				C31172F8282C797D0070B074 /* Book.swift */,
				C32BA48B282EEE73005142F0 /* BookCoverView.swift */,
				C32BA484282EC5ED005142F0 /* BookRepositoy.swift */,
				C32BA482282EC1A9005142F0 /* LazyView.swift */,
				C32BA49228304601005142F0 /* Mocks.swift */,
			);
			path = Commons;
			sourceTree = "<group>";
		};
/* End PBXGroup section */

/* Begin PBXNativeTarget section */
		C31172E4282C6C560070B074 /* SwiftUIExample */ = {
			isa = PBXNativeTarget;
			buildConfigurationList = C31172F3282C6C580070B074 /* Build configuration list for PBXNativeTarget "SwiftUIExample" */;
			buildPhases = (
				C31172E1282C6C560070B074 /* Sources */,
				C31172E2282C6C560070B074 /* Frameworks */,
				C31172E3282C6C560070B074 /* Resources */,
			);
			buildRules = (
			);
			dependencies = (
			);
			name = SwiftUIExample;
			productName = SwiftUIExample;
			productReference = C31172E5282C6C560070B074 /* SwiftUIExample.app */;
			productType = "com.apple.product-type.application";
		};
/* End PBXNativeTarget section */

/* Begin PBXProject section */
		C31172DD282C6C560070B074 /* Project object */ = {
			isa = PBXProject;
			attributes = {
				BuildIndependentTargetsInParallel = 1;
				LastSwiftUpdateCheck = 1330;
				LastUpgradeCheck = 1330;
				TargetAttributes = {
					C31172E4282C6C560070B074 = {
						CreatedOnToolsVersion = 13.3.1;
					};
				};
			};
			buildConfigurationList = C31172E0282C6C560070B074 /* Build configuration list for PBXProject "SwiftUIExample" */;
			compatibilityVersion = "Xcode 13.0";
			developmentRegion = en;
			hasScannedForEncodings = 0;
			knownRegions = (
				en,
				Base,
			);
			mainGroup = C31172DC282C6C560070B074;
			productRefGroup = C31172E6282C6C560070B074 /* Products */;
			projectDirPath = "";
			projectRoot = "";
			targets = (
				C31172E4282C6C560070B074 /* SwiftUIExample */,
			);
		};
/* End PBXProject section */

/* Begin PBXResourcesBuildPhase section */
		C31172E3282C6C560070B074 /* Resources */ = {
			isa = PBXResourcesBuildPhase;
			buildActionMask = 2147483647;
			files = (
				C31172F0282C6C580070B074 /* Preview Assets.xcassets in Resources */,
				C31172ED282C6C580070B074 /* Assets.xcassets in Resources */,
			);
			runOnlyForDeploymentPostprocessing = 0;
		};
/* End PBXResourcesBuildPhase section */

/* Begin PBXSourcesBuildPhase section */
		C31172E1282C6C560070B074 /* Sources */ = {
			isa = PBXSourcesBuildPhase;
			buildActionMask = 2147483647;
			files = (
				C31172F9282C797D0070B074 /* Book.swift in Sources */,
				C32BA48E282F0263005142F0 /* BookListItemViewModel.swift in Sources */,
				C31172FD282DB77D0070B074 /* BookListView.swift in Sources */,
				C31172FB282C7FC50070B074 /* BookDetailViewModel.swift in Sources */,
				C3117308282DD10D0070B074 /* CartItemView.swift in Sources */,
				C31172F7282C74160070B074 /* BookDetailLabel.swift in Sources */,
				C31172EB282C6C560070B074 /* BookDetailView.swift in Sources */,
				C3117301282DB7F20070B074 /* BookListViewModel.swift in Sources */,
				C32BA483282EC1A9005142F0 /* LazyView.swift in Sources */,
				C3117306282DC31C0070B074 /* CartViewModel.swift in Sources */,
				C32BA48C282EEE73005142F0 /* BookCoverView.swift in Sources */,
				C3117303282DBA2F0070B074 /* CartView.swift in Sources */,
				C32BA48A282EED72005142F0 /* BookListItemView.swift in Sources */,
				C32BA49328304601005142F0 /* Mocks.swift in Sources */,
				C31172E9282C6C560070B074 /* SwiftUIExampleApp.swift in Sources */,
				C32BA485282EC5ED005142F0 /* BookRepositoy.swift in Sources */,
				C32BA4912830458C005142F0 /* Cart.swift in Sources */,
			);
			runOnlyForDeploymentPostprocessing = 0;
		};
/* End PBXSourcesBuildPhase section */

/* Begin XCBuildConfiguration section */
		C31172F1282C6C580070B074 /* Debug */ = {
			isa = XCBuildConfiguration;
			buildSettings = {
				ALWAYS_SEARCH_USER_PATHS = NO;
				CLANG_ANALYZER_NONNULL = YES;
				CLANG_ANALYZER_NUMBER_OBJECT_CONVERSION = YES_AGGRESSIVE;
				CLANG_CXX_LANGUAGE_STANDARD = "gnu++17";
				CLANG_ENABLE_MODULES = YES;
				CLANG_ENABLE_OBJC_ARC = YES;
				CLANG_ENABLE_OBJC_WEAK = YES;
				CLANG_WARN_BLOCK_CAPTURE_AUTORELEASING = YES;
				CLANG_WARN_BOOL_CONVERSION = YES;
				CLANG_WARN_COMMA = YES;
				CLANG_WARN_CONSTANT_CONVERSION = YES;
				CLANG_WARN_DEPRECATED_OBJC_IMPLEMENTATIONS = YES;
				CLANG_WARN_DIRECT_OBJC_ISA_USAGE = YES_ERROR;
				CLANG_WARN_DOCUMENTATION_COMMENTS = YES;
				CLANG_WARN_EMPTY_BODY = YES;
				CLANG_WARN_ENUM_CONVERSION = YES;
				CLANG_WARN_INFINITE_RECURSION = YES;
				CLANG_WARN_INT_CONVERSION = YES;
				CLANG_WARN_NON_LITERAL_NULL_CONVERSION = YES;
				CLANG_WARN_OBJC_IMPLICIT_RETAIN_SELF = YES;
				CLANG_WARN_OBJC_LITERAL_CONVERSION = YES;
				CLANG_WARN_OBJC_ROOT_CLASS = YES_ERROR;
				CLANG_WARN_QUOTED_INCLUDE_IN_FRAMEWORK_HEADER = YES;
				CLANG_WARN_RANGE_LOOP_ANALYSIS = YES;
				CLANG_WARN_STRICT_PROTOTYPES = YES;
				CLANG_WARN_SUSPICIOUS_MOVE = YES;
				CLANG_WARN_UNGUARDED_AVAILABILITY = YES_AGGRESSIVE;
				CLANG_WARN_UNREACHABLE_CODE = YES;
				CLANG_WARN__DUPLICATE_METHOD_MATCH = YES;
				COPY_PHASE_STRIP = NO;
				DEBUG_INFORMATION_FORMAT = dwarf;
				ENABLE_STRICT_OBJC_MSGSEND = YES;
				ENABLE_TESTABILITY = YES;
				GCC_C_LANGUAGE_STANDARD = gnu11;
				GCC_DYNAMIC_NO_PIC = NO;
				GCC_NO_COMMON_BLOCKS = YES;
				GCC_OPTIMIZATION_LEVEL = 0;
				GCC_PREPROCESSOR_DEFINITIONS = (
					"DEBUG=1",
					"$(inherited)",
				);
				GCC_WARN_64_TO_32_BIT_CONVERSION = YES;
				GCC_WARN_ABOUT_RETURN_TYPE = YES_ERROR;
				GCC_WARN_UNDECLARED_SELECTOR = YES;
				GCC_WARN_UNINITIALIZED_AUTOS = YES_AGGRESSIVE;
				GCC_WARN_UNUSED_FUNCTION = YES;
				GCC_WARN_UNUSED_VARIABLE = YES;
				IPHONEOS_DEPLOYMENT_TARGET = 15.4;
				MTL_ENABLE_DEBUG_INFO = INCLUDE_SOURCE;
				MTL_FAST_MATH = YES;
				ONLY_ACTIVE_ARCH = YES;
				SDKROOT = iphoneos;
				SWIFT_ACTIVE_COMPILATION_CONDITIONS = DEBUG;
				SWIFT_OPTIMIZATION_LEVEL = "-Onone";
			};
			name = Debug;
		};
		C31172F2282C6C580070B074 /* Release */ = {
			isa = XCBuildConfiguration;
			buildSettings = {
				ALWAYS_SEARCH_USER_PATHS = NO;
				CLANG_ANALYZER_NONNULL = YES;
				CLANG_ANALYZER_NUMBER_OBJECT_CONVERSION = YES_AGGRESSIVE;
				CLANG_CXX_LANGUAGE_STANDARD = "gnu++17";
				CLANG_ENABLE_MODULES = YES;
				CLANG_ENABLE_OBJC_ARC = YES;
				CLANG_ENABLE_OBJC_WEAK = YES;
				CLANG_WARN_BLOCK_CAPTURE_AUTORELEASING = YES;
				CLANG_WARN_BOOL_CONVERSION = YES;
				CLANG_WARN_COMMA = YES;
				CLANG_WARN_CONSTANT_CONVERSION = YES;
				CLANG_WARN_DEPRECATED_OBJC_IMPLEMENTATIONS = YES;
				CLANG_WARN_DIRECT_OBJC_ISA_USAGE = YES_ERROR;
				CLANG_WARN_DOCUMENTATION_COMMENTS = YES;
				CLANG_WARN_EMPTY_BODY = YES;
				CLANG_WARN_ENUM_CONVERSION = YES;
				CLANG_WARN_INFINITE_RECURSION = YES;
				CLANG_WARN_INT_CONVERSION = YES;
				CLANG_WARN_NON_LITERAL_NULL_CONVERSION = YES;
				CLANG_WARN_OBJC_IMPLICIT_RETAIN_SELF = YES;
				CLANG_WARN_OBJC_LITERAL_CONVERSION = YES;
				CLANG_WARN_OBJC_ROOT_CLASS = YES_ERROR;
				CLANG_WARN_QUOTED_INCLUDE_IN_FRAMEWORK_HEADER = YES;
				CLANG_WARN_RANGE_LOOP_ANALYSIS = YES;
				CLANG_WARN_STRICT_PROTOTYPES = YES;
				CLANG_WARN_SUSPICIOUS_MOVE = YES;
				CLANG_WARN_UNGUARDED_AVAILABILITY = YES_AGGRESSIVE;
				CLANG_WARN_UNREACHABLE_CODE = YES;
				CLANG_WARN__DUPLICATE_METHOD_MATCH = YES;
				COPY_PHASE_STRIP = NO;
				DEBUG_INFORMATION_FORMAT = "dwarf-with-dsym";
				ENABLE_NS_ASSERTIONS = NO;
				ENABLE_STRICT_OBJC_MSGSEND = YES;
				GCC_C_LANGUAGE_STANDARD = gnu11;
				GCC_NO_COMMON_BLOCKS = YES;
				GCC_WARN_64_TO_32_BIT_CONVERSION = YES;
				GCC_WARN_ABOUT_RETURN_TYPE = YES_ERROR;
				GCC_WARN_UNDECLARED_SELECTOR = YES;
				GCC_WARN_UNINITIALIZED_AUTOS = YES_AGGRESSIVE;
				GCC_WARN_UNUSED_FUNCTION = YES;
				GCC_WARN_UNUSED_VARIABLE = YES;
				IPHONEOS_DEPLOYMENT_TARGET = 15.4;
				MTL_ENABLE_DEBUG_INFO = NO;
				MTL_FAST_MATH = YES;
				SDKROOT = iphoneos;
				SWIFT_COMPILATION_MODE = wholemodule;
				SWIFT_OPTIMIZATION_LEVEL = "-O";
				VALIDATE_PRODUCT = YES;
			};
			name = Release;
		};
		C31172F4282C6C580070B074 /* Debug */ = {
			isa = XCBuildConfiguration;
			buildSettings = {
				ASSETCATALOG_COMPILER_APPICON_NAME = AppIcon;
				ASSETCATALOG_COMPILER_GLOBAL_ACCENT_COLOR_NAME = AccentColor;
				CODE_SIGN_STYLE = Automatic;
				CURRENT_PROJECT_VERSION = 1;
				DEVELOPMENT_ASSET_PATHS = "\"SwiftUIExample/Preview Content\"";
				DEVELOPMENT_TEAM = UF5W2G7992;
				ENABLE_PREVIEWS = YES;
				GENERATE_INFOPLIST_FILE = YES;
				INFOPLIST_KEY_UIApplicationSceneManifest_Generation = YES;
				INFOPLIST_KEY_UIApplicationSupportsIndirectInputEvents = YES;
				INFOPLIST_KEY_UILaunchScreen_Generation = YES;
				INFOPLIST_KEY_UISupportedInterfaceOrientations_iPad = "UIInterfaceOrientationPortrait UIInterfaceOrientationPortraitUpsideDown UIInterfaceOrientationLandscapeLeft UIInterfaceOrientationLandscapeRight";
				INFOPLIST_KEY_UISupportedInterfaceOrientations_iPhone = "UIInterfaceOrientationPortrait UIInterfaceOrientationLandscapeLeft UIInterfaceOrientationLandscapeRight";
				LD_RUNPATH_SEARCH_PATHS = (
					"$(inherited)",
					"@executable_path/Frameworks",
				);
				MARKETING_VERSION = 1.0;
				PRODUCT_BUNDLE_IDENTIFIER = mx.pewpew.SwiftUIExample;
				PRODUCT_NAME = "$(TARGET_NAME)";
				SWIFT_EMIT_LOC_STRINGS = YES;
				SWIFT_VERSION = 5.0;
				TARGETED_DEVICE_FAMILY = "1,2";
			};
			name = Debug;
		};
		C31172F5282C6C580070B074 /* Release */ = {
			isa = XCBuildConfiguration;
			buildSettings = {
				ASSETCATALOG_COMPILER_APPICON_NAME = AppIcon;
				ASSETCATALOG_COMPILER_GLOBAL_ACCENT_COLOR_NAME = AccentColor;
				CODE_SIGN_STYLE = Automatic;
				CURRENT_PROJECT_VERSION = 1;
				DEVELOPMENT_ASSET_PATHS = "\"SwiftUIExample/Preview Content\"";
				DEVELOPMENT_TEAM = UF5W2G7992;
				ENABLE_PREVIEWS = YES;
				GENERATE_INFOPLIST_FILE = YES;
				INFOPLIST_KEY_UIApplicationSceneManifest_Generation = YES;
				INFOPLIST_KEY_UIApplicationSupportsIndirectInputEvents = YES;
				INFOPLIST_KEY_UILaunchScreen_Generation = YES;
				INFOPLIST_KEY_UISupportedInterfaceOrientations_iPad = "UIInterfaceOrientationPortrait UIInterfaceOrientationPortraitUpsideDown UIInterfaceOrientationLandscapeLeft UIInterfaceOrientationLandscapeRight";
				INFOPLIST_KEY_UISupportedInterfaceOrientations_iPhone = "UIInterfaceOrientationPortrait UIInterfaceOrientationLandscapeLeft UIInterfaceOrientationLandscapeRight";
				LD_RUNPATH_SEARCH_PATHS = (
					"$(inherited)",
					"@executable_path/Frameworks",
				);
				MARKETING_VERSION = 1.0;
				PRODUCT_BUNDLE_IDENTIFIER = mx.pewpew.SwiftUIExample;
				PRODUCT_NAME = "$(TARGET_NAME)";
				SWIFT_EMIT_LOC_STRINGS = YES;
				SWIFT_VERSION = 5.0;
				TARGETED_DEVICE_FAMILY = "1,2";
			};
			name = Release;
		};
/* End XCBuildConfiguration section */

/* Begin XCConfigurationList section */
		C31172E0282C6C560070B074 /* Build configuration list for PBXProject "SwiftUIExample" */ = {
			isa = XCConfigurationList;
			buildConfigurations = (
				C31172F1282C6C580070B074 /* Debug */,
				C31172F2282C6C580070B074 /* Release */,
			);
			defaultConfigurationIsVisible = 0;
			defaultConfigurationName = Release;
		};
		C31172F3282C6C580070B074 /* Build configuration list for PBXNativeTarget "SwiftUIExample" */ = {
			isa = XCConfigurationList;
			buildConfigurations = (
				C31172F4282C6C580070B074 /* Debug */,
				C31172F5282C6C580070B074 /* Release */,
			);
			defaultConfigurationIsVisible = 0;
			defaultConfigurationName = Release;
		};
/* End XCConfigurationList section */
	};
	rootObject = C31172DD282C6C560070B074 /* Project object */;
}
